version: 2.0
shards:
  earl:
    git: https://github.com/ysbaddaden/earl.git
    version: 0.2.0+git.commit.3f4c145e11946eaa137c8bd42ddd1d1cb46bfc5d

  minitest:
    git: https://github.com/ysbaddaden/minitest.cr.git
    version: 1.2.2

  syn:
    git: https://github.com/ysbaddaden/syn.git
    version: 0.2.0

  timecop:
    git: https://github.com/crystal-community/timecop.cr.git
    version: 0.5.0

